{
  "nodes": {
    "base16": {
      "inputs": {
        "fromYaml": "fromYaml"
      },
      "locked": {
        "lastModified": 1721224776,
        "narHash": "sha256-iakVQHg2DSmdOc5dNBwrDt9JLRxX5MT+IIbxfZEpGdo=",
        "owner": "SenchoPens",
        "repo": "base16.nix",
        "rev": "c89c8123310257f3ddc04cc59aa4b5573c6d515f",
        "type": "github"
      },
      "original": {
        "owner": "SenchoPens",
        "repo": "base16.nix",
        "type": "github"
      }
    },
    "catppuccin": {
      "locked": {
        "lastModified": 1719915848,
        "narHash": "sha256-zq+CMkdT8A9z74HonwspXp8HsX4OvP4uaVdD98AO6as=",
        "owner": "catppuccin",
        "repo": "nix",
        "rev": "9345073d27d91ab66c1b6ab65df322906992aa59",
        "type": "github"
      },
      "original": {
        "owner": "catppuccin",
        "repo": "nix",
        "rev": "9345073d27d91ab66c1b6ab65df322906992aa59",
        "type": "github"
      }
    },
    "fromYaml": {
      "flake": false,
      "locked": {
        "lastModified": 1721222302,
        "narHash": "sha256-5vL4w9+tS9yd8WpIiDUtxN1IuxCVK2nebZMs/hCXXis=",
        "owner": "SenchoPens",
        "repo": "fromYaml",
        "rev": "93bad85d1633b8b27287b438c0bd394094c24d06",
        "type": "github"
      },
      "original": {
        "owner": "SenchoPens",
        "repo": "fromYaml",
        "type": "github"
      }
    },
    "home-manager": {
      "inputs": {
        "nixpkgs": [
          "nixpkgs"
        ]
      },
      "locked": {
        "lastModified": 1720042825,
        "narHash": "sha256-A0vrUB6x82/jvf17qPCpxaM+ulJnD8YZwH9Ci0BsAzE=",
        "owner": "nix-community",
        "repo": "home-manager",
        "rev": "e1391fb22e18a36f57e6999c7a9f966dc80ac073",
        "type": "github"
      },
      "original": {
        "owner": "nix-community",
        "ref": "release-24.05",
        "repo": "home-manager",
        "type": "github"
      }
    },
    "nixos-hardware": {
      "locked": {
        "lastModified": 1721413321,
        "narHash": "sha256-0GdiQScDceUrVGbxYpV819LHesK3szHOhJ09e6sgES4=",
        "owner": "NixOS",
        "repo": "nixos-hardware",
        "rev": "ab165a8a6cd12781d76fe9cbccb9e975d0fb634f",
        "type": "github"
      },
      "original": {
        "owner": "NixOS",
        "ref": "master",
        "repo": "nixos-hardware",
        "type": "github"
      }
    },
    "nixpkgs": {
      "locked": {
        "lastModified": 1721548954,
        "narHash": "sha256-7cCC8+Tdq1+3OPyc3+gVo9dzUNkNIQfwSDJ2HSi2u3o=",
        "owner": "nixos",
        "repo": "nixpkgs",
        "rev": "63d37ccd2d178d54e7fb691d7ec76000740ea24a",
        "type": "github"
      },
      "original": {
        "owner": "nixos",
        "ref": "nixos-24.05",
        "repo": "nixpkgs",
        "type": "github"
      }
    },
    "nixpkgs-unstable": {
      "locked": {
        "lastModified": 1721379653,
        "narHash": "sha256-8MUgifkJ7lkZs3u99UDZMB4kbOxvMEXQZ31FO3SopZ0=",
        "owner": "nixos",
        "repo": "nixpkgs",
        "rev": "1d9c2c9b3e71b9ee663d11c5d298727dace8d374",
        "type": "github"
      },
      "original": {
        "owner": "nixos",
        "ref": "nixos-unstable",
        "repo": "nixpkgs",
        "type": "github"
      }
    },
    "root": {
      "inputs": {
        "base16": "base16",
        "catppuccin": "catppuccin",
        "home-manager": "home-manager",
        "nixos-hardware": "nixos-hardware",
        "nixpkgs": "nixpkgs",
        "nixpkgs-unstable": "nixpkgs-unstable",
        "tt-schemes": "tt-schemes"
      }
    },
    "tt-schemes": {
      "flake": false,
      "locked": {
        "lastModified": 1718992165,
        "narHash": "sha256-9i9IjZcjvinb/214x5YShUDBZBC2189HYs26uGy/Hck=",
        "owner": "tinted-theming",
        "repo": "schemes",
        "rev": "ef9a4c3c384624694608adebf0993d7a3bed3cf2",
        "type": "github"
      },
      "original": {
        "owner": "tinted-theming",
        "repo": "schemes",
        "type": "github"
      }
    }
  },
  "root": "root",
  "version": 7
}
